// !$*UTF8*$!
{
	archiveVersion = 1;
	classes = {
	};
	objectVersion = 51;
	objects = {

/* Begin PBXBuildFile section */
		104365042A478D068E276E8B /* Pods_PhiChallenge.framework in Frameworks */ = {isa = PBXBuildFile; fileRef = 9A57BE634FF3ED6D2F51A05F /* Pods_PhiChallenge.framework */; };
		1129EA17267FF8770001EE8D /* ExtratoService.swift in Sources */ = {isa = PBXBuildFile; fileRef = 1129EA16267FF8770001EE8D /* ExtratoService.swift */; };
		1129EA20267FFA4B0001EE8D /* MoneyConverter.swift in Sources */ = {isa = PBXBuildFile; fileRef = 1129EA1F267FFA4B0001EE8D /* MoneyConverter.swift */; };
		1129EA252680063C0001EE8D /* DateConverter.swift in Sources */ = {isa = PBXBuildFile; fileRef = 1129EA242680063C0001EE8D /* DateConverter.swift */; };
		11A27BA4267DAC9D004FC5E0 /* AppDelegate.swift in Sources */ = {isa = PBXBuildFile; fileRef = 11A27BA3267DAC9D004FC5E0 /* AppDelegate.swift */; };
		11A27BA6267DAC9D004FC5E0 /* SceneDelegate.swift in Sources */ = {isa = PBXBuildFile; fileRef = 11A27BA5267DAC9D004FC5E0 /* SceneDelegate.swift */; };
		11A27BAE267DAC9D004FC5E0 /* PhiChallenge.xcdatamodeld in Sources */ = {isa = PBXBuildFile; fileRef = 11A27BAC267DAC9D004FC5E0 /* PhiChallenge.xcdatamodeld */; };
		11A27BB0267DAC9E004FC5E0 /* Assets.xcassets in Resources */ = {isa = PBXBuildFile; fileRef = 11A27BAF267DAC9E004FC5E0 /* Assets.xcassets */; };
		11A27BB3267DAC9E004FC5E0 /* LaunchScreen.storyboard in Resources */ = {isa = PBXBuildFile; fileRef = 11A27BB1267DAC9E004FC5E0 /* LaunchScreen.storyboard */; };
		11A27BBE267DAC9E004FC5E0 /* PhiChallengeTests.swift in Sources */ = {isa = PBXBuildFile; fileRef = 11A27BBD267DAC9E004FC5E0 /* PhiChallengeTests.swift */; };
		11A27BC9267DAC9E004FC5E0 /* PhiChallengeUITests.swift in Sources */ = {isa = PBXBuildFile; fileRef = 11A27BC8267DAC9E004FC5E0 /* PhiChallengeUITests.swift */; };
		11A27BE2267DAD48004FC5E0 /* MainCoordinator.swift in Sources */ = {isa = PBXBuildFile; fileRef = 11A27BE1267DAD48004FC5E0 /* MainCoordinator.swift */; };
		11A27BEC267DAD7E004FC5E0 /* ExtratoViewController.swift in Sources */ = {isa = PBXBuildFile; fileRef = 11A27BEA267DAD7D004FC5E0 /* ExtratoViewController.swift */; };
		11A27BED267DAD7E004FC5E0 /* ExtratoViewController.xib in Resources */ = {isa = PBXBuildFile; fileRef = 11A27BEB267DAD7E004FC5E0 /* ExtratoViewController.xib */; };
		11A27BF5267DAD94004FC5E0 /* AppCoordinator.swift in Sources */ = {isa = PBXBuildFile; fileRef = 11A27BF4267DAD94004FC5E0 /* AppCoordinator.swift */; };
		11A582A4267FC9EB00E74929 /* ExtratoTableViewCell.swift in Sources */ = {isa = PBXBuildFile; fileRef = 11A582A2267FC9EB00E74929 /* ExtratoTableViewCell.swift */; };
		11A582A5267FC9EB00E74929 /* ExtratoTableViewCell.xib in Resources */ = {isa = PBXBuildFile; fileRef = 11A582A3267FC9EB00E74929 /* ExtratoTableViewCell.xib */; };
		11A582AE267FDE3E00E74929 /* Transacao.swift in Sources */ = {isa = PBXBuildFile; fileRef = 11A582AD267FDE3D00E74929 /* Transacao.swift */; };
		11A582B3267FDE6B00E74929 /* Saldo.swift in Sources */ = {isa = PBXBuildFile; fileRef = 11A582B2267FDE6B00E74929 /* Saldo.swift */; };
		11A582B8267FE21D00E74929 /* Detalhes.swift in Sources */ = {isa = PBXBuildFile; fileRef = 11A582B7267FE21D00E74929 /* Detalhes.swift */; };
		11A582BE267FEA3500E74929 /* ExtratoViewModel.swift in Sources */ = {isa = PBXBuildFile; fileRef = 11A582BD267FEA3500E74929 /* ExtratoViewModel.swift */; };
		52EC5DE898438C7EBDC4D16E /* Pods_PhiChallengeTests.framework in Frameworks */ = {isa = PBXBuildFile; fileRef = 4545824DBB449DB1B5896E09 /* Pods_PhiChallengeTests.framework */; };
		B8709F4CC567E91D60133321 /* Pods_PhiChallenge_PhiChallengeUITests.framework in Frameworks */ = {isa = PBXBuildFile; fileRef = 1787638B7535DA8E5F3D72C2 /* Pods_PhiChallenge_PhiChallengeUITests.framework */; };
/* End PBXBuildFile section */

/* Begin PBXContainerItemProxy section */
		11A27BBA267DAC9E004FC5E0 /* PBXContainerItemProxy */ = {
			isa = PBXContainerItemProxy;
			containerPortal = 11A27B98267DAC9D004FC5E0 /* Project object */;
			proxyType = 1;
			remoteGlobalIDString = 11A27B9F267DAC9D004FC5E0;
			remoteInfo = PhiChallenge;
		};
		11A27BC5267DAC9E004FC5E0 /* PBXContainerItemProxy */ = {
			isa = PBXContainerItemProxy;
			containerPortal = 11A27B98267DAC9D004FC5E0 /* Project object */;
			proxyType = 1;
			remoteGlobalIDString = 11A27B9F267DAC9D004FC5E0;
			remoteInfo = PhiChallenge;
		};
/* End PBXContainerItemProxy section */

/* Begin PBXFileReference section */
		1129EA16267FF8770001EE8D /* ExtratoService.swift */ = {isa = PBXFileReference; lastKnownFileType = sourcecode.swift; path = ExtratoService.swift; sourceTree = "<group>"; };
		1129EA1F267FFA4B0001EE8D /* MoneyConverter.swift */ = {isa = PBXFileReference; lastKnownFileType = sourcecode.swift; path = MoneyConverter.swift; sourceTree = "<group>"; };
		1129EA242680063C0001EE8D /* DateConverter.swift */ = {isa = PBXFileReference; lastKnownFileType = sourcecode.swift; path = DateConverter.swift; sourceTree = "<group>"; };
		11A27BA0267DAC9D004FC5E0 /* PhiChallenge.app */ = {isa = PBXFileReference; explicitFileType = wrapper.application; includeInIndex = 0; path = PhiChallenge.app; sourceTree = BUILT_PRODUCTS_DIR; };
		11A27BA3267DAC9D004FC5E0 /* AppDelegate.swift */ = {isa = PBXFileReference; lastKnownFileType = sourcecode.swift; path = AppDelegate.swift; sourceTree = "<group>"; };
		11A27BA5267DAC9D004FC5E0 /* SceneDelegate.swift */ = {isa = PBXFileReference; lastKnownFileType = sourcecode.swift; path = SceneDelegate.swift; sourceTree = "<group>"; };
		11A27BAD267DAC9D004FC5E0 /* PhiChallenge.xcdatamodel */ = {isa = PBXFileReference; lastKnownFileType = wrapper.xcdatamodel; path = PhiChallenge.xcdatamodel; sourceTree = "<group>"; };
		11A27BAF267DAC9E004FC5E0 /* Assets.xcassets */ = {isa = PBXFileReference; lastKnownFileType = folder.assetcatalog; path = Assets.xcassets; sourceTree = "<group>"; };
		11A27BB2267DAC9E004FC5E0 /* Base */ = {isa = PBXFileReference; lastKnownFileType = file.storyboard; name = Base; path = Base.lproj/LaunchScreen.storyboard; sourceTree = "<group>"; };
		11A27BB4267DAC9E004FC5E0 /* Info.plist */ = {isa = PBXFileReference; lastKnownFileType = text.plist.xml; path = Info.plist; sourceTree = "<group>"; };
		11A27BB9267DAC9E004FC5E0 /* PhiChallengeTests.xctest */ = {isa = PBXFileReference; explicitFileType = wrapper.cfbundle; includeInIndex = 0; path = PhiChallengeTests.xctest; sourceTree = BUILT_PRODUCTS_DIR; };
		11A27BBD267DAC9E004FC5E0 /* PhiChallengeTests.swift */ = {isa = PBXFileReference; lastKnownFileType = sourcecode.swift; path = PhiChallengeTests.swift; sourceTree = "<group>"; };
		11A27BBF267DAC9E004FC5E0 /* Info.plist */ = {isa = PBXFileReference; lastKnownFileType = text.plist.xml; path = Info.plist; sourceTree = "<group>"; };
		11A27BC4267DAC9E004FC5E0 /* PhiChallengeUITests.xctest */ = {isa = PBXFileReference; explicitFileType = wrapper.cfbundle; includeInIndex = 0; path = PhiChallengeUITests.xctest; sourceTree = BUILT_PRODUCTS_DIR; };
		11A27BC8267DAC9E004FC5E0 /* PhiChallengeUITests.swift */ = {isa = PBXFileReference; lastKnownFileType = sourcecode.swift; path = PhiChallengeUITests.swift; sourceTree = "<group>"; };
		11A27BCA267DAC9E004FC5E0 /* Info.plist */ = {isa = PBXFileReference; lastKnownFileType = text.plist.xml; path = Info.plist; sourceTree = "<group>"; };
		11A27BE1267DAD48004FC5E0 /* MainCoordinator.swift */ = {isa = PBXFileReference; lastKnownFileType = sourcecode.swift; path = MainCoordinator.swift; sourceTree = "<group>"; };
		11A27BEA267DAD7D004FC5E0 /* ExtratoViewController.swift */ = {isa = PBXFileReference; lastKnownFileType = sourcecode.swift; path = ExtratoViewController.swift; sourceTree = "<group>"; };
		11A27BEB267DAD7E004FC5E0 /* ExtratoViewController.xib */ = {isa = PBXFileReference; lastKnownFileType = file.xib; path = ExtratoViewController.xib; sourceTree = "<group>"; };
		11A27BF4267DAD94004FC5E0 /* AppCoordinator.swift */ = {isa = PBXFileReference; lastKnownFileType = sourcecode.swift; path = AppCoordinator.swift; sourceTree = "<group>"; };
		11A582A2267FC9EB00E74929 /* ExtratoTableViewCell.swift */ = {isa = PBXFileReference; lastKnownFileType = sourcecode.swift; path = ExtratoTableViewCell.swift; sourceTree = "<group>"; };
		11A582A3267FC9EB00E74929 /* ExtratoTableViewCell.xib */ = {isa = PBXFileReference; lastKnownFileType = file.xib; path = ExtratoTableViewCell.xib; sourceTree = "<group>"; };
		11A582AD267FDE3D00E74929 /* Transacao.swift */ = {isa = PBXFileReference; lastKnownFileType = sourcecode.swift; path = Transacao.swift; sourceTree = "<group>"; };
		11A582B2267FDE6B00E74929 /* Saldo.swift */ = {isa = PBXFileReference; lastKnownFileType = sourcecode.swift; path = Saldo.swift; sourceTree = "<group>"; };
		11A582B7267FE21D00E74929 /* Detalhes.swift */ = {isa = PBXFileReference; lastKnownFileType = sourcecode.swift; path = Detalhes.swift; sourceTree = "<group>"; };
		11A582BD267FEA3500E74929 /* ExtratoViewModel.swift */ = {isa = PBXFileReference; lastKnownFileType = sourcecode.swift; path = ExtratoViewModel.swift; sourceTree = "<group>"; };
		1787638B7535DA8E5F3D72C2 /* Pods_PhiChallenge_PhiChallengeUITests.framework */ = {isa = PBXFileReference; explicitFileType = wrapper.framework; includeInIndex = 0; path = Pods_PhiChallenge_PhiChallengeUITests.framework; sourceTree = BUILT_PRODUCTS_DIR; };
		4545824DBB449DB1B5896E09 /* Pods_PhiChallengeTests.framework */ = {isa = PBXFileReference; explicitFileType = wrapper.framework; includeInIndex = 0; path = Pods_PhiChallengeTests.framework; sourceTree = BUILT_PRODUCTS_DIR; };
		90743411B5BABC1B9B002F33 /* Pods-PhiChallengeTests.release.xcconfig */ = {isa = PBXFileReference; includeInIndex = 1; lastKnownFileType = text.xcconfig; name = "Pods-PhiChallengeTests.release.xcconfig"; path = "Target Support Files/Pods-PhiChallengeTests/Pods-PhiChallengeTests.release.xcconfig"; sourceTree = "<group>"; };
		9A57BE634FF3ED6D2F51A05F /* Pods_PhiChallenge.framework */ = {isa = PBXFileReference; explicitFileType = wrapper.framework; includeInIndex = 0; path = Pods_PhiChallenge.framework; sourceTree = BUILT_PRODUCTS_DIR; };
		B81BAC3AF41C6432CF482307 /* Pods-PhiChallengeTests.debug.xcconfig */ = {isa = PBXFileReference; includeInIndex = 1; lastKnownFileType = text.xcconfig; name = "Pods-PhiChallengeTests.debug.xcconfig"; path = "Target Support Files/Pods-PhiChallengeTests/Pods-PhiChallengeTests.debug.xcconfig"; sourceTree = "<group>"; };
		C1FE7D44FEB6A194B5F5C19A /* Pods-PhiChallenge-PhiChallengeUITests.release.xcconfig */ = {isa = PBXFileReference; includeInIndex = 1; lastKnownFileType = text.xcconfig; name = "Pods-PhiChallenge-PhiChallengeUITests.release.xcconfig"; path = "Target Support Files/Pods-PhiChallenge-PhiChallengeUITests/Pods-PhiChallenge-PhiChallengeUITests.release.xcconfig"; sourceTree = "<group>"; };
		D1685A960FFA52EEE986B798 /* Pods-PhiChallenge.debug.xcconfig */ = {isa = PBXFileReference; includeInIndex = 1; lastKnownFileType = text.xcconfig; name = "Pods-PhiChallenge.debug.xcconfig"; path = "Target Support Files/Pods-PhiChallenge/Pods-PhiChallenge.debug.xcconfig"; sourceTree = "<group>"; };
		F3DA635413A22AE156A38A7D /* Pods-PhiChallenge.release.xcconfig */ = {isa = PBXFileReference; includeInIndex = 1; lastKnownFileType = text.xcconfig; name = "Pods-PhiChallenge.release.xcconfig"; path = "Target Support Files/Pods-PhiChallenge/Pods-PhiChallenge.release.xcconfig"; sourceTree = "<group>"; };
		F53235D2873D9183A7499D27 /* Pods-PhiChallenge-PhiChallengeUITests.debug.xcconfig */ = {isa = PBXFileReference; includeInIndex = 1; lastKnownFileType = text.xcconfig; name = "Pods-PhiChallenge-PhiChallengeUITests.debug.xcconfig"; path = "Target Support Files/Pods-PhiChallenge-PhiChallengeUITests/Pods-PhiChallenge-PhiChallengeUITests.debug.xcconfig"; sourceTree = "<group>"; };
/* End PBXFileReference section */

/* Begin PBXFrameworksBuildPhase section */
		11A27B9D267DAC9D004FC5E0 /* Frameworks */ = {
			isa = PBXFrameworksBuildPhase;
			buildActionMask = 2147483647;
			files = (
				104365042A478D068E276E8B /* Pods_PhiChallenge.framework in Frameworks */,
			);
			runOnlyForDeploymentPostprocessing = 0;
		};
		11A27BB6267DAC9E004FC5E0 /* Frameworks */ = {
			isa = PBXFrameworksBuildPhase;
			buildActionMask = 2147483647;
			files = (
				52EC5DE898438C7EBDC4D16E /* Pods_PhiChallengeTests.framework in Frameworks */,
			);
			runOnlyForDeploymentPostprocessing = 0;
		};
		11A27BC1267DAC9E004FC5E0 /* Frameworks */ = {
			isa = PBXFrameworksBuildPhase;
			buildActionMask = 2147483647;
			files = (
				B8709F4CC567E91D60133321 /* Pods_PhiChallenge_PhiChallengeUITests.framework in Frameworks */,
			);
			runOnlyForDeploymentPostprocessing = 0;
		};
/* End PBXFrameworksBuildPhase section */

/* Begin PBXGroup section */
		1129EA15267FF85E0001EE8D /* Service */ = {
			isa = PBXGroup;
			children = (
				1129EA16267FF8770001EE8D /* ExtratoService.swift */,
			);
			path = Service;
			sourceTree = "<group>";
		};
		1129EA1E267FFA3B0001EE8D /* Utils */ = {
			isa = PBXGroup;
			children = (
				1129EA1F267FFA4B0001EE8D /* MoneyConverter.swift */,
				1129EA242680063C0001EE8D /* DateConverter.swift */,
			);
			path = Utils;
			sourceTree = "<group>";
		};
		11A27B97267DAC9D004FC5E0 = {
			isa = PBXGroup;
			children = (
				11A27BA2267DAC9D004FC5E0 /* PhiChallenge */,
				11A27BBC267DAC9E004FC5E0 /* PhiChallengeTests */,
				11A27BC7267DAC9E004FC5E0 /* PhiChallengeUITests */,
				11A27BA1267DAC9D004FC5E0 /* Products */,
				2432A8688DDA62BCA671BC65 /* Pods */,
				6F90DBB0E290026491C268F6 /* Frameworks */,
			);
			sourceTree = "<group>";
		};
		11A27BA1267DAC9D004FC5E0 /* Products */ = {
			isa = PBXGroup;
			children = (
				11A27BA0267DAC9D004FC5E0 /* PhiChallenge.app */,
				11A27BB9267DAC9E004FC5E0 /* PhiChallengeTests.xctest */,
				11A27BC4267DAC9E004FC5E0 /* PhiChallengeUITests.xctest */,
			);
			name = Products;
			sourceTree = "<group>";
		};
		11A27BA2267DAC9D004FC5E0 /* PhiChallenge */ = {
			isa = PBXGroup;
			children = (
				1129EA1E267FFA3B0001EE8D /* Utils */,
				11A27BE6267DAD57004FC5E0 /* AppViews */,
				11A27BE0267DAD34004FC5E0 /* Coordinator */,
				11A27BDF267DAD28004FC5E0 /* AppData */,
				11A27BAF267DAC9E004FC5E0 /* Assets.xcassets */,
				11A27BB1267DAC9E004FC5E0 /* LaunchScreen.storyboard */,
				11A27BB4267DAC9E004FC5E0 /* Info.plist */,
				11A27BAC267DAC9D004FC5E0 /* PhiChallenge.xcdatamodeld */,
			);
			path = PhiChallenge;
			sourceTree = "<group>";
		};
		11A27BBC267DAC9E004FC5E0 /* PhiChallengeTests */ = {
			isa = PBXGroup;
			children = (
				11A27BBD267DAC9E004FC5E0 /* PhiChallengeTests.swift */,
				11A27BBF267DAC9E004FC5E0 /* Info.plist */,
			);
			path = PhiChallengeTests;
			sourceTree = "<group>";
		};
		11A27BC7267DAC9E004FC5E0 /* PhiChallengeUITests */ = {
			isa = PBXGroup;
			children = (
				11A27BC8267DAC9E004FC5E0 /* PhiChallengeUITests.swift */,
				11A27BCA267DAC9E004FC5E0 /* Info.plist */,
			);
			path = PhiChallengeUITests;
			sourceTree = "<group>";
		};
		11A27BDF267DAD28004FC5E0 /* AppData */ = {
			isa = PBXGroup;
			children = (
				11A27BA3267DAC9D004FC5E0 /* AppDelegate.swift */,
				11A27BA5267DAC9D004FC5E0 /* SceneDelegate.swift */,
				11A27BF4267DAD94004FC5E0 /* AppCoordinator.swift */,
			);
			path = AppData;
			sourceTree = "<group>";
		};
		11A27BE0267DAD34004FC5E0 /* Coordinator */ = {
			isa = PBXGroup;
			children = (
				11A27BE1267DAD48004FC5E0 /* MainCoordinator.swift */,
			);
			path = Coordinator;
			sourceTree = "<group>";
		};
		11A27BE6267DAD57004FC5E0 /* AppViews */ = {
			isa = PBXGroup;
			children = (
				11A27BE7267DAD5E004FC5E0 /* Extrato */,
			);
			path = AppViews;
			sourceTree = "<group>";
		};
		11A27BE7267DAD5E004FC5E0 /* Extrato */ = {
			isa = PBXGroup;
			children = (
				1129EA15267FF85E0001EE8D /* Service */,
				11A582BC267FEA1800E74929 /* ViewModel */,
				11A582AC267FDE2B00E74929 /* Model */,
				11A27BE9267DAD6A004FC5E0 /* View */,
			);
			path = Extrato;
			sourceTree = "<group>";
		};
		11A27BE9267DAD6A004FC5E0 /* View */ = {
			isa = PBXGroup;
			children = (
				11A582A1267FC9CE00E74929 /* Cell */,
				11A27BEA267DAD7D004FC5E0 /* ExtratoViewController.swift */,
				11A27BEB267DAD7E004FC5E0 /* ExtratoViewController.xib */,
			);
			path = View;
			sourceTree = "<group>";
		};
		11A582A1267FC9CE00E74929 /* Cell */ = {
			isa = PBXGroup;
			children = (
				11A582A2267FC9EB00E74929 /* ExtratoTableViewCell.swift */,
				11A582A3267FC9EB00E74929 /* ExtratoTableViewCell.xib */,
			);
			path = Cell;
			sourceTree = "<group>";
		};
		11A582AC267FDE2B00E74929 /* Model */ = {
			isa = PBXGroup;
			children = (
				11A582AD267FDE3D00E74929 /* Transacao.swift */,
				11A582B2267FDE6B00E74929 /* Saldo.swift */,
				11A582B7267FE21D00E74929 /* Detalhes.swift */,
			);
			path = Model;
			sourceTree = "<group>";
		};
		11A582BC267FEA1800E74929 /* ViewModel */ = {
			isa = PBXGroup;
			children = (
				11A582BD267FEA3500E74929 /* ExtratoViewModel.swift */,
			);
			path = ViewModel;
			sourceTree = "<group>";
		};
		2432A8688DDA62BCA671BC65 /* Pods */ = {
			isa = PBXGroup;
			children = (
				D1685A960FFA52EEE986B798 /* Pods-PhiChallenge.debug.xcconfig */,
				F3DA635413A22AE156A38A7D /* Pods-PhiChallenge.release.xcconfig */,
				F53235D2873D9183A7499D27 /* Pods-PhiChallenge-PhiChallengeUITests.debug.xcconfig */,
				C1FE7D44FEB6A194B5F5C19A /* Pods-PhiChallenge-PhiChallengeUITests.release.xcconfig */,
				B81BAC3AF41C6432CF482307 /* Pods-PhiChallengeTests.debug.xcconfig */,
				90743411B5BABC1B9B002F33 /* Pods-PhiChallengeTests.release.xcconfig */,
			);
			path = Pods;
			sourceTree = "<group>";
		};
		6F90DBB0E290026491C268F6 /* Frameworks */ = {
			isa = PBXGroup;
			children = (
				9A57BE634FF3ED6D2F51A05F /* Pods_PhiChallenge.framework */,
				1787638B7535DA8E5F3D72C2 /* Pods_PhiChallenge_PhiChallengeUITests.framework */,
				4545824DBB449DB1B5896E09 /* Pods_PhiChallengeTests.framework */,
			);
			name = Frameworks;
			sourceTree = "<group>";
		};
/* End PBXGroup section */

/* Begin PBXNativeTarget section */
		11A27B9F267DAC9D004FC5E0 /* PhiChallenge */ = {
			isa = PBXNativeTarget;
			buildConfigurationList = 11A27BCD267DAC9E004FC5E0 /* Build configuration list for PBXNativeTarget "PhiChallenge" */;
			buildPhases = (
				827C70340B425D3F120A0F98 /* [CP] Check Pods Manifest.lock */,
				11A27B9C267DAC9D004FC5E0 /* Sources */,
				11A27B9D267DAC9D004FC5E0 /* Frameworks */,
				11A27B9E267DAC9D004FC5E0 /* Resources */,
				5B676C23CFE3428939D8CAE9 /* [CP] Embed Pods Frameworks */,
			);
			buildRules = (
			);
			dependencies = (
			);
			name = PhiChallenge;
			productName = PhiChallenge;
			productReference = 11A27BA0267DAC9D004FC5E0 /* PhiChallenge.app */;
			productType = "com.apple.product-type.application";
		};
		11A27BB8267DAC9E004FC5E0 /* PhiChallengeTests */ = {
			isa = PBXNativeTarget;
			buildConfigurationList = 11A27BD0267DAC9E004FC5E0 /* Build configuration list for PBXNativeTarget "PhiChallengeTests" */;
			buildPhases = (
				9F533AA2B8409ABCC2B50B72 /* [CP] Check Pods Manifest.lock */,
				11A27BB5267DAC9E004FC5E0 /* Sources */,
				11A27BB6267DAC9E004FC5E0 /* Frameworks */,
				11A27BB7267DAC9E004FC5E0 /* Resources */,
			);
			buildRules = (
			);
			dependencies = (
				11A27BBB267DAC9E004FC5E0 /* PBXTargetDependency */,
			);
			name = PhiChallengeTests;
			productName = PhiChallengeTests;
			productReference = 11A27BB9267DAC9E004FC5E0 /* PhiChallengeTests.xctest */;
			productType = "com.apple.product-type.bundle.unit-test";
		};
		11A27BC3267DAC9E004FC5E0 /* PhiChallengeUITests */ = {
			isa = PBXNativeTarget;
			buildConfigurationList = 11A27BD3267DAC9E004FC5E0 /* Build configuration list for PBXNativeTarget "PhiChallengeUITests" */;
			buildPhases = (
				72361EA1F2CFF7F2BB780C2B /* [CP] Check Pods Manifest.lock */,
				11A27BC0267DAC9E004FC5E0 /* Sources */,
				11A27BC1267DAC9E004FC5E0 /* Frameworks */,
				11A27BC2267DAC9E004FC5E0 /* Resources */,
				04D60B810F35F563A99F4E97 /* [CP] Embed Pods Frameworks */,
			);
			buildRules = (
			);
			dependencies = (
				11A27BC6267DAC9E004FC5E0 /* PBXTargetDependency */,
			);
			name = PhiChallengeUITests;
			productName = PhiChallengeUITests;
			productReference = 11A27BC4267DAC9E004FC5E0 /* PhiChallengeUITests.xctest */;
			productType = "com.apple.product-type.bundle.ui-testing";
		};
/* End PBXNativeTarget section */

/* Begin PBXProject section */
		11A27B98267DAC9D004FC5E0 /* Project object */ = {
			isa = PBXProject;
			attributes = {
				LastSwiftUpdateCheck = 1230;
				LastUpgradeCheck = 1230;
				TargetAttributes = {
					11A27B9F267DAC9D004FC5E0 = {
						CreatedOnToolsVersion = 12.3;
					};
					11A27BB8267DAC9E004FC5E0 = {
						CreatedOnToolsVersion = 12.3;
						TestTargetID = 11A27B9F267DAC9D004FC5E0;
					};
					11A27BC3267DAC9E004FC5E0 = {
						CreatedOnToolsVersion = 12.3;
						TestTargetID = 11A27B9F267DAC9D004FC5E0;
					};
				};
			};
			buildConfigurationList = 11A27B9B267DAC9D004FC5E0 /* Build configuration list for PBXProject "PhiChallenge" */;
			compatibilityVersion = "Xcode 9.3";
			developmentRegion = en;
			hasScannedForEncodings = 0;
			knownRegions = (
				en,
				Base,
			);
			mainGroup = 11A27B97267DAC9D004FC5E0;
			productRefGroup = 11A27BA1267DAC9D004FC5E0 /* Products */;
			projectDirPath = "";
			projectRoot = "";
			targets = (
				11A27B9F267DAC9D004FC5E0 /* PhiChallenge */,
				11A27BB8267DAC9E004FC5E0 /* PhiChallengeTests */,
				11A27BC3267DAC9E004FC5E0 /* PhiChallengeUITests */,
			);
		};
/* End PBXProject section */

/* Begin PBXResourcesBuildPhase section */
		11A27B9E267DAC9D004FC5E0 /* Resources */ = {
			isa = PBXResourcesBuildPhase;
			buildActionMask = 2147483647;
			files = (
				11A27BB3267DAC9E004FC5E0 /* LaunchScreen.storyboard in Resources */,
				11A27BED267DAD7E004FC5E0 /* ExtratoViewController.xib in Resources */,
				11A27BB0267DAC9E004FC5E0 /* Assets.xcassets in Resources */,
				11A582A5267FC9EB00E74929 /* ExtratoTableViewCell.xib in Resources */,
			);
			runOnlyForDeploymentPostprocessing = 0;
		};
		11A27BB7267DAC9E004FC5E0 /* Resources */ = {
			isa = PBXResourcesBuildPhase;
			buildActionMask = 2147483647;
			files = (
			);
			runOnlyForDeploymentPostprocessing = 0;
		};
		11A27BC2267DAC9E004FC5E0 /* Resources */ = {
			isa = PBXResourcesBuildPhase;
			buildActionMask = 2147483647;
			files = (
			);
			runOnlyForDeploymentPostprocessing = 0;
		};
/* End PBXResourcesBuildPhase section */

/* Begin PBXShellScriptBuildPhase section */
		04D60B810F35F563A99F4E97 /* [CP] Embed Pods Frameworks */ = {
			isa = PBXShellScriptBuildPhase;
			buildActionMask = 2147483647;
			files = (
			);
			inputFileListPaths = (
				"${PODS_ROOT}/Target Support Files/Pods-PhiChallenge-PhiChallengeUITests/Pods-PhiChallenge-PhiChallengeUITests-frameworks-${CONFIGURATION}-input-files.xcfilelist",
			);
			name = "[CP] Embed Pods Frameworks";
			outputFileListPaths = (
				"${PODS_ROOT}/Target Support Files/Pods-PhiChallenge-PhiChallengeUITests/Pods-PhiChallenge-PhiChallengeUITests-frameworks-${CONFIGURATION}-output-files.xcfilelist",
			);
			runOnlyForDeploymentPostprocessing = 0;
			shellPath = /bin/sh;
			shellScript = "\"${PODS_ROOT}/Target Support Files/Pods-PhiChallenge-PhiChallengeUITests/Pods-PhiChallenge-PhiChallengeUITests-frameworks.sh\"\n";
			showEnvVarsInLog = 0;
		};
		5B676C23CFE3428939D8CAE9 /* [CP] Embed Pods Frameworks */ = {
			isa = PBXShellScriptBuildPhase;
			buildActionMask = 2147483647;
			files = (
			);
			inputFileListPaths = (
				"${PODS_ROOT}/Target Support Files/Pods-PhiChallenge/Pods-PhiChallenge-frameworks-${CONFIGURATION}-input-files.xcfilelist",
			);
			name = "[CP] Embed Pods Frameworks";
			outputFileListPaths = (
				"${PODS_ROOT}/Target Support Files/Pods-PhiChallenge/Pods-PhiChallenge-frameworks-${CONFIGURATION}-output-files.xcfilelist",
			);
			runOnlyForDeploymentPostprocessing = 0;
			shellPath = /bin/sh;
			shellScript = "\"${PODS_ROOT}/Target Support Files/Pods-PhiChallenge/Pods-PhiChallenge-frameworks.sh\"\n";
			showEnvVarsInLog = 0;
		};
		72361EA1F2CFF7F2BB780C2B /* [CP] Check Pods Manifest.lock */ = {
			isa = PBXShellScriptBuildPhase;
			buildActionMask = 2147483647;
			files = (
			);
			inputFileListPaths = (
			);
			inputPaths = (
				"${PODS_PODFILE_DIR_PATH}/Podfile.lock",
				"${PODS_ROOT}/Manifest.lock",
			);
			name = "[CP] Check Pods Manifest.lock";
			outputFileListPaths = (
			);
			outputPaths = (
				"$(DERIVED_FILE_DIR)/Pods-PhiChallenge-PhiChallengeUITests-checkManifestLockResult.txt",
			);
			runOnlyForDeploymentPostprocessing = 0;
			shellPath = /bin/sh;
			shellScript = "diff \"${PODS_PODFILE_DIR_PATH}/Podfile.lock\" \"${PODS_ROOT}/Manifest.lock\" > /dev/null\nif [ $? != 0 ] ; then\n    # print error to STDERR\n    echo \"error: The sandbox is not in sync with the Podfile.lock. Run 'pod install' or update your CocoaPods installation.\" >&2\n    exit 1\nfi\n# This output is used by Xcode 'outputs' to avoid re-running this script phase.\necho \"SUCCESS\" > \"${SCRIPT_OUTPUT_FILE_0}\"\n";
			showEnvVarsInLog = 0;
		};
		827C70340B425D3F120A0F98 /* [CP] Check Pods Manifest.lock */ = {
			isa = PBXShellScriptBuildPhase;
			buildActionMask = 2147483647;
			files = (
			);
			inputFileListPaths = (
			);
			inputPaths = (
				"${PODS_PODFILE_DIR_PATH}/Podfile.lock",
				"${PODS_ROOT}/Manifest.lock",
			);
			name = "[CP] Check Pods Manifest.lock";
			outputFileListPaths = (
			);
			outputPaths = (
				"$(DERIVED_FILE_DIR)/Pods-PhiChallenge-checkManifestLockResult.txt",
			);
			runOnlyForDeploymentPostprocessing = 0;
			shellPath = /bin/sh;
			shellScript = "diff \"${PODS_PODFILE_DIR_PATH}/Podfile.lock\" \"${PODS_ROOT}/Manifest.lock\" > /dev/null\nif [ $? != 0 ] ; then\n    # print error to STDERR\n    echo \"error: The sandbox is not in sync with the Podfile.lock. Run 'pod install' or update your CocoaPods installation.\" >&2\n    exit 1\nfi\n# This output is used by Xcode 'outputs' to avoid re-running this script phase.\necho \"SUCCESS\" > \"${SCRIPT_OUTPUT_FILE_0}\"\n";
			showEnvVarsInLog = 0;
		};
		9F533AA2B8409ABCC2B50B72 /* [CP] Check Pods Manifest.lock */ = {
			isa = PBXShellScriptBuildPhase;
			buildActionMask = 2147483647;
			files = (
			);
			inputFileListPaths = (
			);
			inputPaths = (
				"${PODS_PODFILE_DIR_PATH}/Podfile.lock",
				"${PODS_ROOT}/Manifest.lock",
			);
			name = "[CP] Check Pods Manifest.lock";
			outputFileListPaths = (
			);
			outputPaths = (
				"$(DERIVED_FILE_DIR)/Pods-PhiChallengeTests-checkManifestLockResult.txt",
			);
			runOnlyForDeploymentPostprocessing = 0;
			shellPath = /bin/sh;
			shellScript = "diff \"${PODS_PODFILE_DIR_PATH}/Podfile.lock\" \"${PODS_ROOT}/Manifest.lock\" > /dev/null\nif [ $? != 0 ] ; then\n    # print error to STDERR\n    echo \"error: The sandbox is not in sync with the Podfile.lock. Run 'pod install' or update your CocoaPods installation.\" >&2\n    exit 1\nfi\n# This output is used by Xcode 'outputs' to avoid re-running this script phase.\necho \"SUCCESS\" > \"${SCRIPT_OUTPUT_FILE_0}\"\n";
			showEnvVarsInLog = 0;
		};
/* End PBXShellScriptBuildPhase section */

/* Begin PBXSourcesBuildPhase section */
		11A27B9C267DAC9D004FC5E0 /* Sources */ = {
			isa = PBXSourcesBuildPhase;
			buildActionMask = 2147483647;
			files = (
				11A582B3267FDE6B00E74929 /* Saldo.swift in Sources */,
				11A27BF5267DAD94004FC5E0 /* AppCoordinator.swift in Sources */,
				11A27BAE267DAC9D004FC5E0 /* PhiChallenge.xcdatamodeld in Sources */,
				11A582A4267FC9EB00E74929 /* ExtratoTableViewCell.swift in Sources */,
				11A27BEC267DAD7E004FC5E0 /* ExtratoViewController.swift in Sources */,
				11A27BE2267DAD48004FC5E0 /* MainCoordinator.swift in Sources */,
				1129EA20267FFA4B0001EE8D /* MoneyConverter.swift in Sources */,
				11A27BA4267DAC9D004FC5E0 /* AppDelegate.swift in Sources */,
				1129EA17267FF8770001EE8D /* ExtratoService.swift in Sources */,
				11A582B8267FE21D00E74929 /* Detalhes.swift in Sources */,
				1129EA252680063C0001EE8D /* DateConverter.swift in Sources */,
				11A582AE267FDE3E00E74929 /* Transacao.swift in Sources */,
				11A582BE267FEA3500E74929 /* ExtratoViewModel.swift in Sources */,
				11A27BA6267DAC9D004FC5E0 /* SceneDelegate.swift in Sources */,
			);
			runOnlyForDeploymentPostprocessing = 0;
		};
		11A27BB5267DAC9E004FC5E0 /* Sources */ = {
			isa = PBXSourcesBuildPhase;
			buildActionMask = 2147483647;
			files = (
				11A27BBE267DAC9E004FC5E0 /* PhiChallengeTests.swift in Sources */,
			);
			runOnlyForDeploymentPostprocessing = 0;
		};
		11A27BC0267DAC9E004FC5E0 /* Sources */ = {
			isa = PBXSourcesBuildPhase;
			buildActionMask = 2147483647;
			files = (
				11A27BC9267DAC9E004FC5E0 /* PhiChallengeUITests.swift in Sources */,
			);
			runOnlyForDeploymentPostprocessing = 0;
		};
/* End PBXSourcesBuildPhase section */

/* Begin PBXTargetDependency section */
		11A27BBB267DAC9E004FC5E0 /* PBXTargetDependency */ = {
			isa = PBXTargetDependency;
			target = 11A27B9F267DAC9D004FC5E0 /* PhiChallenge */;
			targetProxy = 11A27BBA267DAC9E004FC5E0 /* PBXContainerItemProxy */;
		};
		11A27BC6267DAC9E004FC5E0 /* PBXTargetDependency */ = {
			isa = PBXTargetDependency;
			target = 11A27B9F267DAC9D004FC5E0 /* PhiChallenge */;
			targetProxy = 11A27BC5267DAC9E004FC5E0 /* PBXContainerItemProxy */;
		};
/* End PBXTargetDependency section */

/* Begin PBXVariantGroup section */
		11A27BB1267DAC9E004FC5E0 /* LaunchScreen.storyboard */ = {
			isa = PBXVariantGroup;
			children = (
				11A27BB2267DAC9E004FC5E0 /* Base */,
			);
			name = LaunchScreen.storyboard;
			sourceTree = "<group>";
		};
/* End PBXVariantGroup section */

/* Begin XCBuildConfiguration section */
		11A27BCB267DAC9E004FC5E0 /* Debug */ = {
			isa = XCBuildConfiguration;
			buildSettings = {
				ALWAYS_SEARCH_USER_PATHS = NO;
				CLANG_ANALYZER_NONNULL = YES;
				CLANG_ANALYZER_NUMBER_OBJECT_CONVERSION = YES_AGGRESSIVE;
				CLANG_CXX_LANGUAGE_STANDARD = "gnu++14";
				CLANG_CXX_LIBRARY = "libc++";
				CLANG_ENABLE_MODULES = YES;
				CLANG_ENABLE_OBJC_ARC = YES;
				CLANG_ENABLE_OBJC_WEAK = YES;
				CLANG_WARN_BLOCK_CAPTURE_AUTORELEASING = YES;
				CLANG_WARN_BOOL_CONVERSION = YES;
				CLANG_WARN_COMMA = YES;
				CLANG_WARN_CONSTANT_CONVERSION = YES;
				CLANG_WARN_DEPRECATED_OBJC_IMPLEMENTATIONS = YES;
				CLANG_WARN_DIRECT_OBJC_ISA_USAGE = YES_ERROR;
				CLANG_WARN_DOCUMENTATION_COMMENTS = YES;
				CLANG_WARN_EMPTY_BODY = YES;
				CLANG_WARN_ENUM_CONVERSION = YES;
				CLANG_WARN_INFINITE_RECURSION = YES;
				CLANG_WARN_INT_CONVERSION = YES;
				CLANG_WARN_NON_LITERAL_NULL_CONVERSION = YES;
				CLANG_WARN_OBJC_IMPLICIT_RETAIN_SELF = YES;
				CLANG_WARN_OBJC_LITERAL_CONVERSION = YES;
				CLANG_WARN_OBJC_ROOT_CLASS = YES_ERROR;
				CLANG_WARN_QUOTED_INCLUDE_IN_FRAMEWORK_HEADER = YES;
				CLANG_WARN_RANGE_LOOP_ANALYSIS = YES;
				CLANG_WARN_STRICT_PROTOTYPES = YES;
				CLANG_WARN_SUSPICIOUS_MOVE = YES;
				CLANG_WARN_UNGUARDED_AVAILABILITY = YES_AGGRESSIVE;
				CLANG_WARN_UNREACHABLE_CODE = YES;
				CLANG_WARN__DUPLICATE_METHOD_MATCH = YES;
				COPY_PHASE_STRIP = NO;
				DEBUG_INFORMATION_FORMAT = dwarf;
				ENABLE_STRICT_OBJC_MSGSEND = YES;
				ENABLE_TESTABILITY = YES;
				GCC_C_LANGUAGE_STANDARD = gnu11;
				GCC_DYNAMIC_NO_PIC = NO;
				GCC_NO_COMMON_BLOCKS = YES;
				GCC_OPTIMIZATION_LEVEL = 0;
				GCC_PREPROCESSOR_DEFINITIONS = (
					"DEBUG=1",
					"$(inherited)",
				);
				GCC_WARN_64_TO_32_BIT_CONVERSION = YES;
				GCC_WARN_ABOUT_RETURN_TYPE = YES_ERROR;
				GCC_WARN_UNDECLARED_SELECTOR = YES;
				GCC_WARN_UNINITIALIZED_AUTOS = YES_AGGRESSIVE;
				GCC_WARN_UNUSED_FUNCTION = YES;
				GCC_WARN_UNUSED_VARIABLE = YES;
				IPHONEOS_DEPLOYMENT_TARGET = 14.3;
				MTL_ENABLE_DEBUG_INFO = INCLUDE_SOURCE;
				MTL_FAST_MATH = YES;
				ONLY_ACTIVE_ARCH = YES;
				SDKROOT = iphoneos;
				SWIFT_ACTIVE_COMPILATION_CONDITIONS = DEBUG;
				SWIFT_OPTIMIZATION_LEVEL = "-Onone";
			};
			name = Debug;
		};
		11A27BCC267DAC9E004FC5E0 /* Release */ = {
			isa = XCBuildConfiguration;
			buildSettings = {
				ALWAYS_SEARCH_USER_PATHS = NO;
				CLANG_ANALYZER_NONNULL = YES;
				CLANG_ANALYZER_NUMBER_OBJECT_CONVERSION = YES_AGGRESSIVE;
				CLANG_CXX_LANGUAGE_STANDARD = "gnu++14";
				CLANG_CXX_LIBRARY = "libc++";
				CLANG_ENABLE_MODULES = YES;
				CLANG_ENABLE_OBJC_ARC = YES;
				CLANG_ENABLE_OBJC_WEAK = YES;
				CLANG_WARN_BLOCK_CAPTURE_AUTORELEASING = YES;
				CLANG_WARN_BOOL_CONVERSION = YES;
				CLANG_WARN_COMMA = YES;
				CLANG_WARN_CONSTANT_CONVERSION = YES;
				CLANG_WARN_DEPRECATED_OBJC_IMPLEMENTATIONS = YES;
				CLANG_WARN_DIRECT_OBJC_ISA_USAGE = YES_ERROR;
				CLANG_WARN_DOCUMENTATION_COMMENTS = YES;
				CLANG_WARN_EMPTY_BODY = YES;
				CLANG_WARN_ENUM_CONVERSION = YES;
				CLANG_WARN_INFINITE_RECURSION = YES;
				CLANG_WARN_INT_CONVERSION = YES;
				CLANG_WARN_NON_LITERAL_NULL_CONVERSION = YES;
				CLANG_WARN_OBJC_IMPLICIT_RETAIN_SELF = YES;
				CLANG_WARN_OBJC_LITERAL_CONVERSION = YES;
				CLANG_WARN_OBJC_ROOT_CLASS = YES_ERROR;
				CLANG_WARN_QUOTED_INCLUDE_IN_FRAMEWORK_HEADER = YES;
				CLANG_WARN_RANGE_LOOP_ANALYSIS = YES;
				CLANG_WARN_STRICT_PROTOTYPES = YES;
				CLANG_WARN_SUSPICIOUS_MOVE = YES;
				CLANG_WARN_UNGUARDED_AVAILABILITY = YES_AGGRESSIVE;
				CLANG_WARN_UNREACHABLE_CODE = YES;
				CLANG_WARN__DUPLICATE_METHOD_MATCH = YES;
				COPY_PHASE_STRIP = NO;
				DEBUG_INFORMATION_FORMAT = "dwarf-with-dsym";
				ENABLE_NS_ASSERTIONS = NO;
				ENABLE_STRICT_OBJC_MSGSEND = YES;
				GCC_C_LANGUAGE_STANDARD = gnu11;
				GCC_NO_COMMON_BLOCKS = YES;
				GCC_WARN_64_TO_32_BIT_CONVERSION = YES;
				GCC_WARN_ABOUT_RETURN_TYPE = YES_ERROR;
				GCC_WARN_UNDECLARED_SELECTOR = YES;
				GCC_WARN_UNINITIALIZED_AUTOS = YES_AGGRESSIVE;
				GCC_WARN_UNUSED_FUNCTION = YES;
				GCC_WARN_UNUSED_VARIABLE = YES;
				IPHONEOS_DEPLOYMENT_TARGET = 14.3;
				MTL_ENABLE_DEBUG_INFO = NO;
				MTL_FAST_MATH = YES;
				SDKROOT = iphoneos;
				SWIFT_COMPILATION_MODE = wholemodule;
				SWIFT_OPTIMIZATION_LEVEL = "-O";
				VALIDATE_PRODUCT = YES;
			};
			name = Release;
		};
		11A27BCE267DAC9E004FC5E0 /* Debug */ = {
			isa = XCBuildConfiguration;
			baseConfigurationReference = D1685A960FFA52EEE986B798 /* Pods-PhiChallenge.debug.xcconfig */;
			buildSettings = {
				ASSETCATALOG_COMPILER_APPICON_NAME = AppIcon;
				ASSETCATALOG_COMPILER_GLOBAL_ACCENT_COLOR_NAME = AccentColor;
				CODE_SIGN_STYLE = Automatic;
				DEVELOPMENT_TEAM = 8SM9A2F6Y9;
				INFOPLIST_FILE = PhiChallenge/Info.plist;
				IPHONEOS_DEPLOYMENT_TARGET = 13.0;
				LD_RUNPATH_SEARCH_PATHS = (
					"$(inherited)",
					"@executable_path/Frameworks",
				);
				PRODUCT_BUNDLE_IDENTIFIER = br.com.gsantos.PhiChallenge;
				PRODUCT_NAME = "$(TARGET_NAME)";
				SWIFT_VERSION = 5.0;
				TARGETED_DEVICE_FAMILY = "1,2";
			};
			name = Debug;
		};
		11A27BCF267DAC9E004FC5E0 /* Release */ = {
			isa = XCBuildConfiguration;
			baseConfigurationReference = F3DA635413A22AE156A38A7D /* Pods-PhiChallenge.release.xcconfig */;
			buildSettings = {
				ASSETCATALOG_COMPILER_APPICON_NAME = AppIcon;
				ASSETCATALOG_COMPILER_GLOBAL_ACCENT_COLOR_NAME = AccentColor;
				CODE_SIGN_STYLE = Automatic;
				DEVELOPMENT_TEAM = 8SM9A2F6Y9;
				INFOPLIST_FILE = PhiChallenge/Info.plist;
				IPHONEOS_DEPLOYMENT_TARGET = 13.0;
				LD_RUNPATH_SEARCH_PATHS = (
					"$(inherited)",
					"@executable_path/Frameworks",
				);
				PRODUCT_BUNDLE_IDENTIFIER = br.com.gsantos.PhiChallenge;
				PRODUCT_NAME = "$(TARGET_NAME)";
				SWIFT_VERSION = 5.0;
				TARGETED_DEVICE_FAMILY = "1,2";
			};
			name = Release;
		};
		11A27BD1267DAC9E004FC5E0 /* Debug */ = {
			isa = XCBuildConfiguration;
			baseConfigurationReference = B81BAC3AF41C6432CF482307 /* Pods-PhiChallengeTests.debug.xcconfig */;
			buildSettings = {
				ALWAYS_EMBED_SWIFT_STANDARD_LIBRARIES = YES;
				BUNDLE_LOADER = "$(TEST_HOST)";
				CODE_SIGN_STYLE = Automatic;
				DEVELOPMENT_TEAM = 8SM9A2F6Y9;
				INFOPLIST_FILE = PhiChallengeTests/Info.plist;
				IPHONEOS_DEPLOYMENT_TARGET = 14.3;
				LD_RUNPATH_SEARCH_PATHS = (
					"$(inherited)",
					"@executable_path/Frameworks",
					"@loader_path/Frameworks",
				);
				PRODUCT_BUNDLE_IDENTIFIER = br.com.gsantos.PhiChallengeTests;
				PRODUCT_NAME = "$(TARGET_NAME)";
				SWIFT_VERSION = 5.0;
				TARGETED_DEVICE_FAMILY = "1,2";
				TEST_HOST = "$(BUILT_PRODUCTS_DIR)/PhiChallenge.app/PhiChallenge";
			};
			name = Debug;
		};
		11A27BD2267DAC9E004FC5E0 /* Release */ = {
			isa = XCBuildConfiguration;
			baseConfigurationReference = 90743411B5BABC1B9B002F33 /* Pods-PhiChallengeTests.release.xcconfig */;
			buildSettings = {
				ALWAYS_EMBED_SWIFT_STANDARD_LIBRARIES = YES;
				BUNDLE_LOADER = "$(TEST_HOST)";
				CODE_SIGN_STYLE = Automatic;
				DEVELOPMENT_TEAM = 8SM9A2F6Y9;
				INFOPLIST_FILE = PhiChallengeTests/Info.plist;
				IPHONEOS_DEPLOYMENT_TARGET = 14.3;
				LD_RUNPATH_SEARCH_PATHS = (
					"$(inherited)",
					"@executable_path/Frameworks",
					"@loader_path/Frameworks",
				);
				PRODUCT_BUNDLE_IDENTIFIER = br.com.gsantos.PhiChallengeTests;
				PRODUCT_NAME = "$(TARGET_NAME)";
				SWIFT_VERSION = 5.0;
				TARGETED_DEVICE_FAMILY = "1,2";
				TEST_HOST = "$(BUILT_PRODUCTS_DIR)/PhiChallenge.app/PhiChallenge";
			};
			name = Release;
		};
		11A27BD4267DAC9E004FC5E0 /* Debug */ = {
			isa = XCBuildConfiguration;
			baseConfigurationReference = F53235D2873D9183A7499D27 /* Pods-PhiChallenge-PhiChallengeUITests.debug.xcconfig */;
			buildSettings = {
				ALWAYS_EMBED_SWIFT_STANDARD_LIBRARIES = YES;
				CODE_SIGN_STYLE = Automatic;
				DEVELOPMENT_TEAM = 8SM9A2F6Y9;
				INFOPLIST_FILE = PhiChallengeUITests/Info.plist;
				LD_RUNPATH_SEARCH_PATHS = (
					"$(inherited)",
					"@executable_path/Frameworks",
					"@loader_path/Frameworks",
				);
				PRODUCT_BUNDLE_IDENTIFIER = br.com.gsantos.PhiChallengeUITests;
				PRODUCT_NAME = "$(TARGET_NAME)";
				SWIFT_VERSION = 5.0;
				TARGETED_DEVICE_FAMILY = "1,2";
				TEST_TARGET_NAME = PhiChallenge;
			};
			name = Debug;
		};
		11A27BD5267DAC9E004FC5E0 /* Release */ = {
			isa = XCBuildConfiguration;
			baseConfigurationReference = C1FE7D44FEB6A194B5F5C19A /* Pods-PhiChallenge-PhiChallengeUITests.release.xcconfig */;
			buildSettings = {
				ALWAYS_EMBED_SWIFT_STANDARD_LIBRARIES = YES;
				CODE_SIGN_STYLE = Automatic;
				DEVELOPMENT_TEAM = 8SM9A2F6Y9;
				INFOPLIST_FILE = PhiChallengeUITests/Info.plist;
				LD_RUNPATH_SEARCH_PATHS = (
					"$(inherited)",
					"@executable_path/Frameworks",
					"@loader_path/Frameworks",
				);
				PRODUCT_BUNDLE_IDENTIFIER = br.com.gsantos.PhiChallengeUITests;
				PRODUCT_NAME = "$(TARGET_NAME)";
				SWIFT_VERSION = 5.0;
				TARGETED_DEVICE_FAMILY = "1,2";
				TEST_TARGET_NAME = PhiChallenge;
			};
			name = Release;
		};
/* End XCBuildConfiguration section */

/* Begin XCConfigurationList section */
		11A27B9B267DAC9D004FC5E0 /* Build configuration list for PBXProject "PhiChallenge" */ = {
			isa = XCConfigurationList;
			buildConfigurations = (
				11A27BCB267DAC9E004FC5E0 /* Debug */,
				11A27BCC267DAC9E004FC5E0 /* Release */,
			);
			defaultConfigurationIsVisible = 0;
			defaultConfigurationName = Release;
		};
		11A27BCD267DAC9E004FC5E0 /* Build configuration list for PBXNativeTarget "PhiChallenge" */ = {
			isa = XCConfigurationList;
			buildConfigurations = (
				11A27BCE267DAC9E004FC5E0 /* Debug */,
				11A27BCF267DAC9E004FC5E0 /* Release */,
			);
			defaultConfigurationIsVisible = 0;
			defaultConfigurationName = Release;
		};
		11A27BD0267DAC9E004FC5E0 /* Build configuration list for PBXNativeTarget "PhiChallengeTests" */ = {
			isa = XCConfigurationList;
			buildConfigurations = (
				11A27BD1267DAC9E004FC5E0 /* Debug */,
				11A27BD2267DAC9E004FC5E0 /* Release */,
			);
			defaultConfigurationIsVisible = 0;
			defaultConfigurationName = Release;
		};
		11A27BD3267DAC9E004FC5E0 /* Build configuration list for PBXNativeTarget "PhiChallengeUITests" */ = {
			isa = XCConfigurationList;
			buildConfigurations = (
				11A27BD4267DAC9E004FC5E0 /* Debug */,
				11A27BD5267DAC9E004FC5E0 /* Release */,
			);
			defaultConfigurationIsVisible = 0;
			defaultConfigurationName = Release;
		};
/* End XCConfigurationList section */

/* Begin XCVersionGroup section */
		11A27BAC267DAC9D004FC5E0 /* PhiChallenge.xcdatamodeld */ = {
			isa = XCVersionGroup;
			children = (
				11A27BAD267DAC9D004FC5E0 /* PhiChallenge.xcdatamodel */,
			);
			currentVersion = 11A27BAD267DAC9D004FC5E0 /* PhiChallenge.xcdatamodel */;
			path = PhiChallenge.xcdatamodeld;
			sourceTree = "<group>";
			versionGroupType = wrapper.xcdatamodel;
		};
/* End XCVersionGroup section */
	};
	rootObject = 11A27B98267DAC9D004FC5E0 /* Project object */;
}
